
Microsoft Visual Studio Solution File, Format Version 12.00
# Visual Studio Version 16
VisualStudioVersion = 16.0.31025.194
MinimumVisualStudioVersion = 10.0.40219.1
Project("{9A19103F-16F7-4668-BE54-9A1E7A4F7556}") = "Expenses", "Expenses.csproj", "{063561B6-5AA1-4CB0-BC71-31CDFD815445}"
EndProject
Global
	GlobalSection(SolutionConfigurationPlatforms) = preSolution
		Debug|Any CPU = Debug|Any CPU
		Release|Any CPU = Release|Any CPU
	EndGlobalSection
	GlobalSection(ProjectConfigurationPlatforms) = postSolution
		{063561B6-5AA1-4CB0-BC71-31CDFD815445}.Debug|Any CPU.ActiveCfg = Debug|Any CPU
		{063561B6-5AA1-4CB0-BC71-31CDFD815445}.Debug|Any CPU.Build.0 = Debug|Any CPU
		{063561B6-5AA1-4CB0-BC71-31CDFD815445}.Release|Any CPU.ActiveCfg = Release|Any CPU
		{063561B6-5AA1-4CB0-BC71-31CDFD815445}.Release|Any CPU.Build.0 = Release|Any CPU
	EndGlobalSection
	GlobalSection(SolutionProperties) = preSolution
		HideSolutionNode = FALSE
	EndGlobalSection
	GlobalSection(ExtensibilityGlobals) = postSolution
		SolutionGuid = {349EE6D3-BE3F-4E62-8151-FB35279B7DA2}
	EndGlobalSection
EndGlobal
