
Microsoft Visual Studio Solution File, Format Version 12.00
# Visual Studio Version 16
VisualStudioVersion = 16.0.31025.194
MinimumVisualStudioVersion = 10.0.40219.1
Project("{FAE04EC0-301F-11D3-BF4B-00C04F79EFBC}") = "Courses", "Courses.csproj", "{012453D4-3ED1-4071-B560-AEA2E472CA63}"
EndProject
Global
	GlobalSection(SolutionConfigurationPlatforms) = preSolution
		Debug|Any CPU = Debug|Any CPU
		Release|Any CPU = Release|Any CPU
	EndGlobalSection
	GlobalSection(ProjectConfigurationPlatforms) = postSolution
		{012453D4-3ED1-4071-B560-AEA2E472CA63}.Debug|Any CPU.ActiveCfg = Debug|Any CPU
		{012453D4-3ED1-4071-B560-AEA2E472CA63}.Debug|Any CPU.Build.0 = Debug|Any CPU
		{012453D4-3ED1-4071-B560-AEA2E472CA63}.Release|Any CPU.ActiveCfg = Release|Any CPU
		{012453D4-3ED1-4071-B560-AEA2E472CA63}.Release|Any CPU.Build.0 = Release|Any CPU
	EndGlobalSection
	GlobalSection(SolutionProperties) = preSolution
		HideSolutionNode = FALSE
	EndGlobalSection
	GlobalSection(ExtensibilityGlobals) = postSolution
		SolutionGuid = {E68B1ACF-10EA-43CD-B560-9DBC1C98F661}
	EndGlobalSection
EndGlobal
